
Microsoft Visual Studio Solution File, Format Version 12.00
# Visual Studio Version 16
VisualStudioVersion = 16.0.31129.286
MinimumVisualStudioVersion = 10.0.40219.1
Project("{FAE04EC0-301F-11D3-BF4B-00C04F79EFBC}") = "AnimalSound", "AnimalSound\AnimalSound.csproj", "{288C2A4B-A557-416B-B07E-E6F3B7F71996}"
EndProject
Global
	GlobalSection(SolutionConfigurationPlatforms) = preSolution
		Debug|Any CPU = Debug|Any CPU
		Release|Any CPU = Release|Any CPU
	EndGlobalSection
	GlobalSection(ProjectConfigurationPlatforms) = postSolution
		{288C2A4B-A557-416B-B07E-E6F3B7F71996}.Debug|Any CPU.ActiveCfg = Debug|Any CPU
		{288C2A4B-A557-416B-B07E-E6F3B7F71996}.Debug|Any CPU.Build.0 = Debug|Any CPU
		{288C2A4B-A557-416B-B07E-E6F3B7F71996}.Release|Any CPU.ActiveCfg = Release|Any CPU
		{288C2A4B-A557-416B-B07E-E6F3B7F71996}.Release|Any CPU.Build.0 = Release|Any CPU
	EndGlobalSection
	GlobalSection(SolutionProperties) = preSolution
		HideSolutionNode = FALSE
	EndGlobalSection
	GlobalSection(ExtensibilityGlobals) = postSolution
		SolutionGuid = {2B2C9638-9FB0-4AFE-8157-43A846BDB84E}
	EndGlobalSection
EndGlobal
